
Microsoft Visual Studio Solution File, Format Version 12.00
# Visual Studio Version 17
VisualStudioVersion = 17.3.32922.545
MinimumVisualStudioVersion = 10.0.40219.1
Project("{FAE04EC0-301F-11D3-BF4B-00C04F79EFBC}") = "DigitalBank", "DigitalBank\DigitalBank.csproj", "{CFA6D473-AEB2-4FB2-B638-6001762C3DCA}"
EndProject
Project("{FAE04EC0-301F-11D3-BF4B-00C04F79EFBC}") = "DigitalBank.Core", "DigitalBank.Core\DigitalBank.Core.csproj", "{3D06F3B6-029D-4818-A74A-E68553E4400D}"
EndProject
Global
	GlobalSection(SolutionConfigurationPlatforms) = preSolution
		Debug|Any CPU = Debug|Any CPU
		Release|Any CPU = Release|Any CPU
	EndGlobalSection
	GlobalSection(ProjectConfigurationPlatforms) = postSolution
		{CFA6D473-AEB2-4FB2-B638-6001762C3DCA}.Debug|Any CPU.ActiveCfg = Debug|Any CPU
		{CFA6D473-AEB2-4FB2-B638-6001762C3DCA}.Debug|Any CPU.Build.0 = Debug|Any CPU
		{CFA6D473-AEB2-4FB2-B638-6001762C3DCA}.Release|Any CPU.ActiveCfg = Release|Any CPU
		{CFA6D473-AEB2-4FB2-B638-6001762C3DCA}.Release|Any CPU.Build.0 = Release|Any CPU
		{3D06F3B6-029D-4818-A74A-E68553E4400D}.Debug|Any CPU.ActiveCfg = Debug|Any CPU
		{3D06F3B6-029D-4818-A74A-E68553E4400D}.Debug|Any CPU.Build.0 = Debug|Any CPU
		{3D06F3B6-029D-4818-A74A-E68553E4400D}.Release|Any CPU.ActiveCfg = Release|Any CPU
		{3D06F3B6-029D-4818-A74A-E68553E4400D}.Release|Any CPU.Build.0 = Release|Any CPU
	EndGlobalSection
	GlobalSection(SolutionProperties) = preSolution
		HideSolutionNode = FALSE
	EndGlobalSection
	GlobalSection(ExtensibilityGlobals) = postSolution
		SolutionGuid = {05BFB55A-B16F-41A4-B927-6F0F2B1A2576}
	EndGlobalSection
EndGlobal
