
Microsoft Visual Studio Solution File, Format Version 12.00
# Visual Studio Version 17
VisualStudioVersion = 17.3.32922.545
MinimumVisualStudioVersion = 10.0.40219.1
Project("{2150E333-8FDC-42A3-9474-1A3956D46DE8}") = "ArraysAndLinq", "ArraysAndLinq", "{4D1DA31D-F39A-4D9E-9347-B86A760F7579}"
EndProject
Project("{9A19103F-16F7-4668-BE54-9A1E7A4F7556}") = "ArraysAndLinq", "ArraysAndLinq\ArraysAndLinq.csproj", "{4031D3F7-1DED-47A3-A5C7-D175B8D1CC7B}"
EndProject
Project("{2150E333-8FDC-42A3-9474-1A3956D46DE8}") = "StartUp", "StartUp", "{AB32556C-2520-447A-BA61-D9B2D80AF629}"
EndProject
Project("{9A19103F-16F7-4668-BE54-9A1E7A4F7556}") = "Main", "Main\Main.csproj", "{AC236418-B9CC-4FB3-B382-8B53D6945C01}"
	ProjectSection(ProjectDependencies) = postProject
		{4031D3F7-1DED-47A3-A5C7-D175B8D1CC7B} = {4031D3F7-1DED-47A3-A5C7-D175B8D1CC7B}
	EndProjectSection
EndProject
Project("{2150E333-8FDC-42A3-9474-1A3956D46DE8}") = "Methods", "Methods", "{2BFDB4E8-59C5-4076-96AA-BD961F296AE7}"
EndProject
Project("{9A19103F-16F7-4668-BE54-9A1E7A4F7556}") = "Method", "Method\Method.csproj", "{3008FC95-689C-4317-BF2E-CF3C0FA845F3}"
EndProject
Project("{2150E333-8FDC-42A3-9474-1A3956D46DE8}") = "Program-building-blocks", "Program-building-blocks", "{B38459C6-A0F0-4BAA-B9A7-51F90236BA32}"
EndProject
Project("{9A19103F-16F7-4668-BE54-9A1E7A4F7556}") = "Building_Blocks", "Building_Blocks\Building_Blocks.csproj", "{B77E8684-794D-4CA5-87A0-E2DB911AD510}"
EndProject
Project("{2150E333-8FDC-42A3-9474-1A3956D46DE8}") = "Strings", "Strings", "{36EF1D5E-01AC-47B5-ADF7-8CE6C2603D39}"
EndProject
Project("{9A19103F-16F7-4668-BE54-9A1E7A4F7556}") = "Compressor", "Compressor\Compressor.csproj", "{0D6E644F-1E4D-464B-8D67-5932D1AB387E}"
EndProject
Project("{2150E333-8FDC-42A3-9474-1A3956D46DE8}") = "Arrays", "Arrays", "{9A6CF377-BCE2-4119-A510-BDE148D446A3}"
EndProject
Project("{2150E333-8FDC-42A3-9474-1A3956D46DE8}") = "Statements", "Statements", "{B56AA4EF-D542-49D1-9A86-8BB310A943BC}"
EndProject
Project("{9A19103F-16F7-4668-BE54-9A1E7A4F7556}") = "Arrays", "Array\Arrays.csproj", "{0F066658-73BB-4CEB-BE3D-A7AF2053E753}"
EndProject
Project("{9A19103F-16F7-4668-BE54-9A1E7A4F7556}") = "DecimalToBinaryConversion", "DecimalToBinaryConversion\DecimalToBinaryConversion.csproj", "{1F4AF416-CBBD-4DFB-89BE-8F75A6BB8B63}"
EndProject
Project("{2150E333-8FDC-42A3-9474-1A3956D46DE8}") = "Recursion", "Recursion", "{CFA980C8-A16C-4BE4-BDC4-7A182D35DA15}"
EndProject
Project("{9A19103F-16F7-4668-BE54-9A1E7A4F7556}") = "Recursion", "Recursion\Recursion.csproj", "{6C1D13D4-5D1F-4186-9E9C-B2F3BFF54C3D}"
EndProject
Project("{2150E333-8FDC-42A3-9474-1A3956D46DE8}") = "Lists", "Lists", "{F48029B8-0A8B-40C0-A4ED-714B6DFB4BD9}"
EndProject
Project("{9A19103F-16F7-4668-BE54-9A1E7A4F7556}") = "LinqOnEmployeeList", "LinqOnEmployeeList\LinqOnEmployeeList.csproj", "{438C55C5-0435-4423-8DF2-7367991704C3}"
EndProject
Project("{2150E333-8FDC-42A3-9474-1A3956D46DE8}") = "Async_Programs", "Async_Programs", "{7F23BD04-1C64-444F-9A6F-9B15DFDCECDC}"
EndProject
Project("{FAE04EC0-301F-11D3-BF4B-00C04F79EFBC}") = "AsyncProgamming", "AsyncProgamming\AsyncProgamming.csproj", "{C7CF84AD-8C92-49F2-83E1-491C6676A6A3}"
Project("{9A19103F-16F7-4668-BE54-9A1E7A4F7556}") = "LinqOnEmployeeList", "LinqOnEmployeeList\LinqOnEmployeeList.csproj", "{438C55C5-0435-4423-8DF2-7367991704C3}"
EndProject
Project("{2150E333-8FDC-42A3-9474-1A3956D46DE8}") = "ParallelProgramming", "ParallelProgramming", "{0A831DF4-7B84-438B-BE79-7B8B4B066B2F}"
EndProject
Project("{FAE04EC0-301F-11D3-BF4B-00C04F79EFBC}") = "ConcurrentApplication", "ConcurrentApplication\ConcurrentApplication.csproj", "{F3FD8377-61E3-4292-8CA3-4A7DDCB44289}"
EndProject
Global
	GlobalSection(SolutionConfigurationPlatforms) = preSolution
		Debug|Any CPU = Debug|Any CPU
		Release|Any CPU = Release|Any CPU
	EndGlobalSection
	GlobalSection(ProjectConfigurationPlatforms) = postSolution
		{4031D3F7-1DED-47A3-A5C7-D175B8D1CC7B}.Debug|Any CPU.ActiveCfg = Debug|Any CPU
		{4031D3F7-1DED-47A3-A5C7-D175B8D1CC7B}.Debug|Any CPU.Build.0 = Debug|Any CPU
		{4031D3F7-1DED-47A3-A5C7-D175B8D1CC7B}.Release|Any CPU.ActiveCfg = Release|Any CPU
		{4031D3F7-1DED-47A3-A5C7-D175B8D1CC7B}.Release|Any CPU.Build.0 = Release|Any CPU
		{AC236418-B9CC-4FB3-B382-8B53D6945C01}.Debug|Any CPU.ActiveCfg = Debug|Any CPU
		{AC236418-B9CC-4FB3-B382-8B53D6945C01}.Debug|Any CPU.Build.0 = Debug|Any CPU
		{AC236418-B9CC-4FB3-B382-8B53D6945C01}.Release|Any CPU.ActiveCfg = Release|Any CPU
		{AC236418-B9CC-4FB3-B382-8B53D6945C01}.Release|Any CPU.Build.0 = Release|Any CPU
		{3008FC95-689C-4317-BF2E-CF3C0FA845F3}.Debug|Any CPU.ActiveCfg = Debug|Any CPU
		{3008FC95-689C-4317-BF2E-CF3C0FA845F3}.Debug|Any CPU.Build.0 = Debug|Any CPU
		{3008FC95-689C-4317-BF2E-CF3C0FA845F3}.Release|Any CPU.ActiveCfg = Release|Any CPU
		{3008FC95-689C-4317-BF2E-CF3C0FA845F3}.Release|Any CPU.Build.0 = Release|Any CPU
		{B77E8684-794D-4CA5-87A0-E2DB911AD510}.Debug|Any CPU.ActiveCfg = Debug|Any CPU
		{B77E8684-794D-4CA5-87A0-E2DB911AD510}.Debug|Any CPU.Build.0 = Debug|Any CPU
		{B77E8684-794D-4CA5-87A0-E2DB911AD510}.Release|Any CPU.ActiveCfg = Release|Any CPU
		{B77E8684-794D-4CA5-87A0-E2DB911AD510}.Release|Any CPU.Build.0 = Release|Any CPU
		{0D6E644F-1E4D-464B-8D67-5932D1AB387E}.Debug|Any CPU.ActiveCfg = Debug|Any CPU
		{0D6E644F-1E4D-464B-8D67-5932D1AB387E}.Debug|Any CPU.Build.0 = Debug|Any CPU
		{0D6E644F-1E4D-464B-8D67-5932D1AB387E}.Release|Any CPU.ActiveCfg = Release|Any CPU
		{0D6E644F-1E4D-464B-8D67-5932D1AB387E}.Release|Any CPU.Build.0 = Release|Any CPU
		{0F066658-73BB-4CEB-BE3D-A7AF2053E753}.Debug|Any CPU.ActiveCfg = Debug|Any CPU
		{0F066658-73BB-4CEB-BE3D-A7AF2053E753}.Debug|Any CPU.Build.0 = Debug|Any CPU
		{0F066658-73BB-4CEB-BE3D-A7AF2053E753}.Release|Any CPU.ActiveCfg = Release|Any CPU
		{0F066658-73BB-4CEB-BE3D-A7AF2053E753}.Release|Any CPU.Build.0 = Release|Any CPU
		{1F4AF416-CBBD-4DFB-89BE-8F75A6BB8B63}.Debug|Any CPU.ActiveCfg = Debug|Any CPU
		{1F4AF416-CBBD-4DFB-89BE-8F75A6BB8B63}.Debug|Any CPU.Build.0 = Debug|Any CPU
		{1F4AF416-CBBD-4DFB-89BE-8F75A6BB8B63}.Release|Any CPU.ActiveCfg = Release|Any CPU
		{1F4AF416-CBBD-4DFB-89BE-8F75A6BB8B63}.Release|Any CPU.Build.0 = Release|Any CPU
		{6C1D13D4-5D1F-4186-9E9C-B2F3BFF54C3D}.Debug|Any CPU.ActiveCfg = Debug|Any CPU
		{6C1D13D4-5D1F-4186-9E9C-B2F3BFF54C3D}.Debug|Any CPU.Build.0 = Debug|Any CPU
		{6C1D13D4-5D1F-4186-9E9C-B2F3BFF54C3D}.Release|Any CPU.ActiveCfg = Release|Any CPU
		{6C1D13D4-5D1F-4186-9E9C-B2F3BFF54C3D}.Release|Any CPU.Build.0 = Release|Any CPU
		{438C55C5-0435-4423-8DF2-7367991704C3}.Debug|Any CPU.ActiveCfg = Debug|Any CPU
		{438C55C5-0435-4423-8DF2-7367991704C3}.Debug|Any CPU.Build.0 = Debug|Any CPU
		{438C55C5-0435-4423-8DF2-7367991704C3}.Release|Any CPU.ActiveCfg = Release|Any CPU
		{438C55C5-0435-4423-8DF2-7367991704C3}.Release|Any CPU.Build.0 = Release|Any CPU
		{C7CF84AD-8C92-49F2-83E1-491C6676A6A3}.Debug|Any CPU.ActiveCfg = Debug|Any CPU
		{C7CF84AD-8C92-49F2-83E1-491C6676A6A3}.Debug|Any CPU.Build.0 = Debug|Any CPU
		{C7CF84AD-8C92-49F2-83E1-491C6676A6A3}.Release|Any CPU.ActiveCfg = Release|Any CPU
		{C7CF84AD-8C92-49F2-83E1-491C6676A6A3}.Release|Any CPU.Build.0 = Release|Any CPU
		{F3FD8377-61E3-4292-8CA3-4A7DDCB44289}.Debug|Any CPU.ActiveCfg = Debug|Any CPU
		{F3FD8377-61E3-4292-8CA3-4A7DDCB44289}.Debug|Any CPU.Build.0 = Debug|Any CPU
		{F3FD8377-61E3-4292-8CA3-4A7DDCB44289}.Release|Any CPU.ActiveCfg = Release|Any CPU
		{F3FD8377-61E3-4292-8CA3-4A7DDCB44289}.Release|Any CPU.Build.0 = Release|Any CPU
	EndGlobalSection
	GlobalSection(SolutionProperties) = preSolution
		HideSolutionNode = FALSE
	EndGlobalSection
	GlobalSection(NestedProjects) = preSolution
		{4031D3F7-1DED-47A3-A5C7-D175B8D1CC7B} = {4D1DA31D-F39A-4D9E-9347-B86A760F7579}
		{AC236418-B9CC-4FB3-B382-8B53D6945C01} = {AB32556C-2520-447A-BA61-D9B2D80AF629}
		{3008FC95-689C-4317-BF2E-CF3C0FA845F3} = {2BFDB4E8-59C5-4076-96AA-BD961F296AE7}
		{B77E8684-794D-4CA5-87A0-E2DB911AD510} = {B38459C6-A0F0-4BAA-B9A7-51F90236BA32}
		{0D6E644F-1E4D-464B-8D67-5932D1AB387E} = {36EF1D5E-01AC-47B5-ADF7-8CE6C2603D39}
		{0F066658-73BB-4CEB-BE3D-A7AF2053E753} = {9A6CF377-BCE2-4119-A510-BDE148D446A3}
		{1F4AF416-CBBD-4DFB-89BE-8F75A6BB8B63} = {B56AA4EF-D542-49D1-9A86-8BB310A943BC}
		{6C1D13D4-5D1F-4186-9E9C-B2F3BFF54C3D} = {CFA980C8-A16C-4BE4-BDC4-7A182D35DA15}
		{438C55C5-0435-4423-8DF2-7367991704C3} = {F48029B8-0A8B-40C0-A4ED-714B6DFB4BD9}
		{C7CF84AD-8C92-49F2-83E1-491C6676A6A3} = {7F23BD04-1C64-444F-9A6F-9B15DFDCECDC}
		{F3FD8377-61E3-4292-8CA3-4A7DDCB44289} = {0A831DF4-7B84-438B-BE79-7B8B4B066B2F}
	EndGlobalSection
	GlobalSection(ExtensibilityGlobals) = postSolution
		SolutionGuid = {D88B7B62-C29E-477E-A462-F5330EA9191C}
	EndGlobalSection
EndGlobal
