
Microsoft Visual Studio Solution File, Format Version 12.00
# Visual Studio Version 17
VisualStudioVersion = 17.3.32922.545
MinimumVisualStudioVersion = 10.0.40219.1
Project("{9A19103F-16F7-4668-BE54-9A1E7A4F7556}") = "GenerateJSONFileForEmployees", "GenerateJSONFileForEmployees\GenerateJSONFileForEmployees.csproj", "{19CB0D75-66A5-44D6-9091-0585DD25D9DB}"
EndProject
Project("{9A19103F-16F7-4668-BE54-9A1E7A4F7556}") = "Validations", "Validations\Validations.csproj", "{1B532914-63DB-4FB1-A450-D36776A2B1C8}"
EndProject
Project("{FAE04EC0-301F-11D3-BF4B-00C04F79EFBC}") = "EmailSender", "EmailSender\EmailSender.csproj", "{EF2CD7A5-5D59-418F-98FA-48C62758B69C}"
EndProject
Global
	GlobalSection(SolutionConfigurationPlatforms) = preSolution
		Debug|Any CPU = Debug|Any CPU
		Release|Any CPU = Release|Any CPU
	EndGlobalSection
	GlobalSection(ProjectConfigurationPlatforms) = postSolution
		{19CB0D75-66A5-44D6-9091-0585DD25D9DB}.Debug|Any CPU.ActiveCfg = Debug|Any CPU
		{19CB0D75-66A5-44D6-9091-0585DD25D9DB}.Debug|Any CPU.Build.0 = Debug|Any CPU
		{19CB0D75-66A5-44D6-9091-0585DD25D9DB}.Release|Any CPU.ActiveCfg = Release|Any CPU
		{19CB0D75-66A5-44D6-9091-0585DD25D9DB}.Release|Any CPU.Build.0 = Release|Any CPU
		{1B532914-63DB-4FB1-A450-D36776A2B1C8}.Debug|Any CPU.ActiveCfg = Debug|Any CPU
		{1B532914-63DB-4FB1-A450-D36776A2B1C8}.Debug|Any CPU.Build.0 = Debug|Any CPU
		{1B532914-63DB-4FB1-A450-D36776A2B1C8}.Release|Any CPU.ActiveCfg = Release|Any CPU
		{1B532914-63DB-4FB1-A450-D36776A2B1C8}.Release|Any CPU.Build.0 = Release|Any CPU
		{EF2CD7A5-5D59-418F-98FA-48C62758B69C}.Debug|Any CPU.ActiveCfg = Debug|Any CPU
		{EF2CD7A5-5D59-418F-98FA-48C62758B69C}.Debug|Any CPU.Build.0 = Debug|Any CPU
		{EF2CD7A5-5D59-418F-98FA-48C62758B69C}.Release|Any CPU.ActiveCfg = Release|Any CPU
		{EF2CD7A5-5D59-418F-98FA-48C62758B69C}.Release|Any CPU.Build.0 = Release|Any CPU
	EndGlobalSection
	GlobalSection(SolutionProperties) = preSolution
		HideSolutionNode = FALSE
	EndGlobalSection
	GlobalSection(ExtensibilityGlobals) = postSolution
		SolutionGuid = {CC83B82F-5150-4A3D-8D22-BA9634086FE1}
	EndGlobalSection
EndGlobal
